
Microsoft Visual Studio Solution File, Format Version 12.00
# Visual Studio 15
VisualStudioVersion = 15.0.27428.1
MinimumVisualStudioVersion = 10.0.40219.1
Project("{FAE04EC0-301F-11D3-BF4B-00C04F79EFBC}") = "ProductCatalog", "ProductCatalog\ProductCatalog.csproj", "{24CA3E57-47F9-4AAC-8334-CCC9D70CD4F6}"
EndProject
Project("{FAE04EC0-301F-11D3-BF4B-00C04F79EFBC}") = "ProductLibrary", "ProductLibrary\ProductLibrary.csproj", "{9DFC5764-2F01-4419-8751-5ED63FB9FB08}"
EndProject
Global
	GlobalSection(SolutionConfigurationPlatforms) = preSolution
		Debug|Any CPU = Debug|Any CPU
		Release|Any CPU = Release|Any CPU
	EndGlobalSection
	GlobalSection(ProjectConfigurationPlatforms) = postSolution
		{24CA3E57-47F9-4AAC-8334-CCC9D70CD4F6}.Debug|Any CPU.ActiveCfg = Debug|Any CPU
		{24CA3E57-47F9-4AAC-8334-CCC9D70CD4F6}.Debug|Any CPU.Build.0 = Debug|Any CPU
		{24CA3E57-47F9-4AAC-8334-CCC9D70CD4F6}.Release|Any CPU.ActiveCfg = Release|Any CPU
		{24CA3E57-47F9-4AAC-8334-CCC9D70CD4F6}.Release|Any CPU.Build.0 = Release|Any CPU
		{9DFC5764-2F01-4419-8751-5ED63FB9FB08}.Debug|Any CPU.ActiveCfg = Debug|Any CPU
		{9DFC5764-2F01-4419-8751-5ED63FB9FB08}.Debug|Any CPU.Build.0 = Debug|Any CPU
		{9DFC5764-2F01-4419-8751-5ED63FB9FB08}.Release|Any CPU.ActiveCfg = Release|Any CPU
		{9DFC5764-2F01-4419-8751-5ED63FB9FB08}.Release|Any CPU.Build.0 = Release|Any CPU
	EndGlobalSection
	GlobalSection(SolutionProperties) = preSolution
		HideSolutionNode = FALSE
	EndGlobalSection
	GlobalSection(ExtensibilityGlobals) = postSolution
		SolutionGuid = {3070F053-683E-47DC-A4F5-E3DE6EFB6C81}
	EndGlobalSection
EndGlobal
